
Microsoft Visual Studio Solution File, Format Version 12.00
# Visual Studio Version 17
VisualStudioVersion = 17.5.002.0
MinimumVisualStudioVersion = 10.0.40219.1
Project("{9A19103F-16F7-4668-BE54-9A1E7A4F7556}") = "Credentials-checker", "Credentials-checker.csproj", "{7156A6E5-0B58-4D4F-B7FF-224FEF43DEAB}"
EndProject
Global
	GlobalSection(SolutionConfigurationPlatforms) = preSolution
		Debug|Any CPU = Debug|Any CPU
		Release|Any CPU = Release|Any CPU
	EndGlobalSection
	GlobalSection(ProjectConfigurationPlatforms) = postSolution
		{7156A6E5-0B58-4D4F-B7FF-224FEF43DEAB}.Debug|Any CPU.ActiveCfg = Debug|Any CPU
		{7156A6E5-0B58-4D4F-B7FF-224FEF43DEAB}.Debug|Any CPU.Build.0 = Debug|Any CPU
		{7156A6E5-0B58-4D4F-B7FF-224FEF43DEAB}.Release|Any CPU.ActiveCfg = Release|Any CPU
		{7156A6E5-0B58-4D4F-B7FF-224FEF43DEAB}.Release|Any CPU.Build.0 = Release|Any CPU
	EndGlobalSection
	GlobalSection(SolutionProperties) = preSolution
		HideSolutionNode = FALSE
	EndGlobalSection
	GlobalSection(ExtensibilityGlobals) = postSolution
		SolutionGuid = {538F558B-F4CA-4317-B7DF-9622A422EA92}
	EndGlobalSection
EndGlobal
